{
  "name": "level-1-3-table",
  "lockfileVersion": 3,
  "requires": true,
  "packages": {
    "": {
      "dependencies": {
        "tabulator-tables": "^6.2.5"
      }
    },
    "node_modules/tabulator-tables": {
      "version": "6.2.5",
      "resolved": "https://registry.npmjs.org/tabulator-tables/-/tabulator-tables-6.2.5.tgz",
      "integrity": "sha512-f/TI78hV+GNoBefdqQ4q5RXbP+vJkvwSwt7sqeCTriAchNXax3ekcT1GG3i2J+8mhz6dHg0PFKyCYfmMW45HEg==",
      "license": "MIT"
    }
  }
}
